Microsoft Visual Studio Solution File, Format Version 12.00
# Visual Studio Version 17
VisualStudioVersion = 17.13.35919.96
MinimumVisualStudioVersion = 10.0.40219.1
Project("{8BC9CEB8-8B4A-11D0-8D11-00A0C91BC942}") = "lumen", "lumen\lumen.vcxproj", "{ECE184B1-3ABD-46F0-B9E5-5353BAD39164}"
	ProjectSection(ProjectDependencies) = postProject
		{BDC881FE-9FFC-4FC7-83FD-198884E6FD7D} = {BDC881FE-9FFC-4FC7-83FD-198884E6FD7D}
	EndProjectSection
EndProject
Project("{2150E333-8FDC-42A3-9474-1A3956D46DE8}") = "Solution Items", "Solution Items", "{8EC462FD-D22E-90A8-E5CE-7E832BA40C5D}"
	ProjectSection(SolutionItems) = preProject
		Directory.Build.props = Directory.Build.props
		vcpkg.json = vcpkg.json
	EndProjectSection
EndProject
Project("{2150E333-8FDC-42A3-9474-1A3956D46DE8}") = "build", "build", "{0BE38539-412A-4254-9976-37A0E8820F36}"
	ProjectSection(SolutionItems) = preProject
		lumen.Build.targets = lumen.Build.targets
	EndProjectSection
EndProject
Project("{8BC9CEB8-8B4A-11D0-8D11-00A0C91BC942}") = "lulua", "lulua\lulua.vcxproj", "{BDC881FE-9FFC-4FC7-83FD-198884E6FD7D}"
EndProject
Global
	GlobalSection(SolutionConfigurationPlatforms) = preSolution
		Debug|Any CPU = Debug|Any CPU
		Debug|x64 = Debug|x64
		Debug|x86 = Debug|x86
		Release|Any CPU = Release|Any CPU
		Release|x64 = Release|x64
		Release|x86 = Release|x86
	EndGlobalSection
	GlobalSection(ProjectConfigurationPlatforms) = postSolution
		{ECE184B1-3ABD-46F0-B9E5-5353BAD39164}.Debug|Any CPU.ActiveCfg = Debug|x64
		{ECE184B1-3ABD-46F0-B9E5-5353BAD39164}.Debug|Any CPU.Build.0 = Debug|x64
		{ECE184B1-3ABD-46F0-B9E5-5353BAD39164}.Debug|x64.ActiveCfg = Debug|x64
		{ECE184B1-3ABD-46F0-B9E5-5353BAD39164}.Debug|x64.Build.0 = Debug|x64
		{ECE184B1-3ABD-46F0-B9E5-5353BAD39164}.Debug|x86.ActiveCfg = Debug|Win32
		{ECE184B1-3ABD-46F0-B9E5-5353BAD39164}.Debug|x86.Build.0 = Debug|Win32
		{ECE184B1-3ABD-46F0-B9E5-5353BAD39164}.Release|Any CPU.ActiveCfg = Release|x64
		{ECE184B1-3ABD-46F0-B9E5-5353BAD39164}.Release|Any CPU.Build.0 = Release|x64
		{ECE184B1-3ABD-46F0-B9E5-5353BAD39164}.Release|x64.ActiveCfg = Release|x64
		{ECE184B1-3ABD-46F0-B9E5-5353BAD39164}.Release|x64.Build.0 = Release|x64
		{ECE184B1-3ABD-46F0-B9E5-5353BAD39164}.Release|x86.ActiveCfg = Release|Win32
		{ECE184B1-3ABD-46F0-B9E5-5353BAD39164}.Release|x86.Build.0 = Release|Win32
		{BDC881FE-9FFC-4FC7-83FD-198884E6FD7D}.Debug|Any CPU.ActiveCfg = Debug|x64
		{BDC881FE-9FFC-4FC7-83FD-198884E6FD7D}.Debug|Any CPU.Build.0 = Debug|x64
		{BDC881FE-9FFC-4FC7-83FD-198884E6FD7D}.Debug|x64.ActiveCfg = Debug|x64
		{BDC881FE-9FFC-4FC7-83FD-198884E6FD7D}.Debug|x64.Build.0 = Debug|x64
		{BDC881FE-9FFC-4FC7-83FD-198884E6FD7D}.Debug|x86.ActiveCfg = Debug|Win32
		{BDC881FE-9FFC-4FC7-83FD-198884E6FD7D}.Debug|x86.Build.0 = Debug|Win32
		{BDC881FE-9FFC-4FC7-83FD-198884E6FD7D}.Release|Any CPU.ActiveCfg = Release|x64
		{BDC881FE-9FFC-4FC7-83FD-198884E6FD7D}.Release|Any CPU.Build.0 = Release|x64
		{BDC881FE-9FFC-4FC7-83FD-198884E6FD7D}.Release|x64.ActiveCfg = Release|x64
		{BDC881FE-9FFC-4FC7-83FD-198884E6FD7D}.Release|x64.Build.0 = Release|x64
		{BDC881FE-9FFC-4FC7-83FD-198884E6FD7D}.Release|x86.ActiveCfg = Release|Win32
		{BDC881FE-9FFC-4FC7-83FD-198884E6FD7D}.Release|x86.Build.0 = Release|Win32
	EndGlobalSection
	GlobalSection(SolutionProperties) = preSolution
		HideSolutionNode = FALSE
	EndGlobalSection
	GlobalSection(ExtensibilityGlobals) = postSolution
		SolutionGuid = {FB4D1191-3B6F-4C3D-B7FB-0652D4838A26}
	EndGlobalSection
EndGlobal
