Microsoft Visual Studio Solution File, Format Version 12.00
# Visual Studio Version 17
VisualStudioVersion = 17.13.35919.96
MinimumVisualStudioVersion = 10.0.40219.1
Project("{8BC9CEB8-8B4A-11D0-8D11-00A0C91BC942}") = "Lua", "Lua\Lua.vcxproj", "{3FE4A478-0043-4D49-B40E-EF884FB84B80}"
EndProject
Project("{8BC9CEB8-8B4A-11D0-8D11-00A0C91BC942}") = "Engine", "Engine\Engine.vcxproj", "{3B85050A-59A0-4DD5-A4CA-631792337D0C}"
EndProject
Project("{8BC9CEB8-8B4A-11D0-8D11-00A0C91BC942}") = "Shared", "Shared\Shared.vcxproj", "{6772B404-3ABD-4B08-9F7F-5C0DE48A1938}"
EndProject
Project("{8BC9CEB8-8B4A-11D0-8D11-00A0C91BC942}") = "Editor", "Editor\Editor.vcxproj", "{D16BD15C-B8CE-4502-A05D-72EA43419698}"
EndProject
Project("{8BC9CEB8-8B4A-11D0-8D11-00A0C91BC942}") = "Launcher", "Launcher\Launcher.vcxproj", "{177D2F73-4D4D-40F8-AFF7-C41DF3328406}"
EndProject
Global
	GlobalSection(SolutionConfigurationPlatforms) = preSolution
		Debug|x64 = Debug|x64
		Debug|x86 = Debug|x86
		Release|x64 = Release|x64
		Release|x86 = Release|x86
	EndGlobalSection
	GlobalSection(ProjectConfigurationPlatforms) = postSolution
		{3FE4A478-0043-4D49-B40E-EF884FB84B80}.Debug|x64.ActiveCfg = Debug|x64
		{3FE4A478-0043-4D49-B40E-EF884FB84B80}.Debug|x64.Build.0 = Debug|x64
		{3FE4A478-0043-4D49-B40E-EF884FB84B80}.Debug|x86.ActiveCfg = Debug|Win32
		{3FE4A478-0043-4D49-B40E-EF884FB84B80}.Debug|x86.Build.0 = Debug|Win32
		{3FE4A478-0043-4D49-B40E-EF884FB84B80}.Release|x64.ActiveCfg = Release|x64
		{3FE4A478-0043-4D49-B40E-EF884FB84B80}.Release|x64.Build.0 = Release|x64
		{3FE4A478-0043-4D49-B40E-EF884FB84B80}.Release|x86.ActiveCfg = Release|Win32
		{3FE4A478-0043-4D49-B40E-EF884FB84B80}.Release|x86.Build.0 = Release|Win32
		{3B85050A-59A0-4DD5-A4CA-631792337D0C}.Debug|x64.ActiveCfg = Debug|x64
		{3B85050A-59A0-4DD5-A4CA-631792337D0C}.Debug|x64.Build.0 = Debug|x64
		{3B85050A-59A0-4DD5-A4CA-631792337D0C}.Debug|x86.ActiveCfg = Debug|Win32
		{3B85050A-59A0-4DD5-A4CA-631792337D0C}.Debug|x86.Build.0 = Debug|Win32
		{3B85050A-59A0-4DD5-A4CA-631792337D0C}.Release|x64.ActiveCfg = Release|x64
		{3B85050A-59A0-4DD5-A4CA-631792337D0C}.Release|x64.Build.0 = Release|x64
		{3B85050A-59A0-4DD5-A4CA-631792337D0C}.Release|x86.ActiveCfg = Release|Win32
		{3B85050A-59A0-4DD5-A4CA-631792337D0C}.Release|x86.Build.0 = Release|Win32
		{6772B404-3ABD-4B08-9F7F-5C0DE48A1938}.Debug|x64.ActiveCfg = Debug|x64
		{6772B404-3ABD-4B08-9F7F-5C0DE48A1938}.Debug|x64.Build.0 = Debug|x64
		{6772B404-3ABD-4B08-9F7F-5C0DE48A1938}.Debug|x86.ActiveCfg = Debug|Win32
		{6772B404-3ABD-4B08-9F7F-5C0DE48A1938}.Debug|x86.Build.0 = Debug|Win32
		{6772B404-3ABD-4B08-9F7F-5C0DE48A1938}.Release|x64.ActiveCfg = Release|x64
		{6772B404-3ABD-4B08-9F7F-5C0DE48A1938}.Release|x64.Build.0 = Release|x64
		{6772B404-3ABD-4B08-9F7F-5C0DE48A1938}.Release|x86.ActiveCfg = Release|Win32
		{6772B404-3ABD-4B08-9F7F-5C0DE48A1938}.Release|x86.Build.0 = Release|Win32
		{D16BD15C-B8CE-4502-A05D-72EA43419698}.Debug|x64.ActiveCfg = Debug|x64
		{D16BD15C-B8CE-4502-A05D-72EA43419698}.Debug|x64.Build.0 = Debug|x64
		{D16BD15C-B8CE-4502-A05D-72EA43419698}.Debug|x86.ActiveCfg = Debug|Win32
		{D16BD15C-B8CE-4502-A05D-72EA43419698}.Debug|x86.Build.0 = Debug|Win32
		{D16BD15C-B8CE-4502-A05D-72EA43419698}.Release|x64.ActiveCfg = Release|x64
		{D16BD15C-B8CE-4502-A05D-72EA43419698}.Release|x64.Build.0 = Release|x64
		{D16BD15C-B8CE-4502-A05D-72EA43419698}.Release|x86.ActiveCfg = Release|Win32
		{D16BD15C-B8CE-4502-A05D-72EA43419698}.Release|x86.Build.0 = Release|Win32
		{177D2F73-4D4D-40F8-AFF7-C41DF3328406}.Debug|x64.ActiveCfg = Debug|x64
		{177D2F73-4D4D-40F8-AFF7-C41DF3328406}.Debug|x64.Build.0 = Debug|x64
		{177D2F73-4D4D-40F8-AFF7-C41DF3328406}.Debug|x86.ActiveCfg = Debug|Win32
		{177D2F73-4D4D-40F8-AFF7-C41DF3328406}.Debug|x86.Build.0 = Debug|Win32
		{177D2F73-4D4D-40F8-AFF7-C41DF3328406}.Release|x64.ActiveCfg = Release|x64
		{177D2F73-4D4D-40F8-AFF7-C41DF3328406}.Release|x64.Build.0 = Release|x64
		{177D2F73-4D4D-40F8-AFF7-C41DF3328406}.Release|x86.ActiveCfg = Release|Win32
		{177D2F73-4D4D-40F8-AFF7-C41DF3328406}.Release|x86.Build.0 = Release|Win32
	EndGlobalSection
	GlobalSection(SolutionProperties) = preSolution
		HideSolutionNode = FALSE
	EndGlobalSection
	GlobalSection(ExtensibilityGlobals) = postSolution
		SolutionGuid = {FB4D1191-3B6F-4C3D-B7FB-0652D4838A26}
	EndGlobalSection
EndGlobal
